
Microsoft Visual Studio Solution File, Format Version 12.00
# Visual Studio 15
VisualStudioVersion = 15.0.28307.168
MinimumVisualStudioVersion = 10.0.40219.1
Project("{FAE04EC0-301F-11D3-BF4B-00C04F79EFBC}") = "DLR_Test", "DLR_Test\DLR_Test.csproj", "{1F9DDAEA-7523-456A-AD9A-A10729EB7ACC}"
EndProject
Global
	GlobalSection(SolutionConfigurationPlatforms) = preSolution
		Debug|Any CPU = Debug|Any CPU
		Release|Any CPU = Release|Any CPU
	EndGlobalSection
	GlobalSection(ProjectConfigurationPlatforms) = postSolution
		{1F9DDAEA-7523-456A-AD9A-A10729EB7ACC}.Debug|Any CPU.ActiveCfg = Debug|Any CPU
		{1F9DDAEA-7523-456A-AD9A-A10729EB7ACC}.Debug|Any CPU.Build.0 = Debug|Any CPU
		{1F9DDAEA-7523-456A-AD9A-A10729EB7ACC}.Release|Any CPU.ActiveCfg = Release|Any CPU
		{1F9DDAEA-7523-456A-AD9A-A10729EB7ACC}.Release|Any CPU.Build.0 = Release|Any CPU
	EndGlobalSection
	GlobalSection(SolutionProperties) = preSolution
		HideSolutionNode = FALSE
	EndGlobalSection
	GlobalSection(ExtensibilityGlobals) = postSolution
		SolutionGuid = {5E391365-2DF4-46E3-9B97-469BB0A747C0}
	EndGlobalSection
EndGlobal
